
Microsoft Visual Studio Solution File, Format Version 12.00
# Visual Studio Version 16
VisualStudioVersion = 16.0.29424.173
MinimumVisualStudioVersion = 10.0.40219.1
Project("{FAE04EC0-301F-11D3-BF4B-00C04F79EFBC}") = "Hádám číslo", "Hádám číslo\Hádám číslo.csproj", "{F5B1829D-4225-483F-B06A-B3AA66ECAE93}"
EndProject
Global
	GlobalSection(SolutionConfigurationPlatforms) = preSolution
		Debug|Any CPU = Debug|Any CPU
		Release|Any CPU = Release|Any CPU
	EndGlobalSection
	GlobalSection(ProjectConfigurationPlatforms) = postSolution
		{F5B1829D-4225-483F-B06A-B3AA66ECAE93}.Debug|Any CPU.ActiveCfg = Debug|Any CPU
		{F5B1829D-4225-483F-B06A-B3AA66ECAE93}.Debug|Any CPU.Build.0 = Debug|Any CPU
		{F5B1829D-4225-483F-B06A-B3AA66ECAE93}.Release|Any CPU.ActiveCfg = Release|Any CPU
		{F5B1829D-4225-483F-B06A-B3AA66ECAE93}.Release|Any CPU.Build.0 = Release|Any CPU
	EndGlobalSection
	GlobalSection(SolutionProperties) = preSolution
		HideSolutionNode = FALSE
	EndGlobalSection
	GlobalSection(ExtensibilityGlobals) = postSolution
		SolutionGuid = {6629BFEE-4A9F-4568-97F7-C89243EE1EDA}
	EndGlobalSection
EndGlobal
